{
  "name": "@jiaminghi/data-view",
  "version": "2.3.2",
  "lockfileVersion": 1,
  "requires": true,
  "dependencies": {
    "@jiaminghi/fs": {
      "version": "0.0.0",
      "resolved": "https://registry.npmjs.org/@jiaminghi/fs/-/fs-0.0.0.tgz",
      "integrity": "sha512-hCVpiw5IBBAB2H73gKDxd0Xp5e7cnpqdpgLnrkXgVK29aIoowVUS1qklNP8kPohAxz6967aGp7yW+N4XQtrSWA==",
      "dev": true
    }
  }
}
